// !$*UTF8*$!
{
	archiveVersion = 1;
	classes = {
	};
	objectVersion = 56;
	objects = {

/* Begin PBXBuildFile section */
		5C0A5F592B1525ED000192F2 /* WhitherThenApp.swift in Sources */ = {isa = PBXBuildFile; fileRef = 5C0A5F582B1525ED000192F2 /* WhitherThenApp.swift */; };
		5C0A5F5B2B1525ED000192F2 /* WalkListView.swift in Sources */ = {isa = PBXBuildFile; fileRef = 5C0A5F5A2B1525ED000192F2 /* WalkListView.swift */; };
		5C0A5F5D2B1525ED000192F2 /* Walk.swift in Sources */ = {isa = PBXBuildFile; fileRef = 5C0A5F5C2B1525ED000192F2 /* Walk.swift */; };
		5C0A5F5F2B1525EF000192F2 /* Assets.xcassets in Resources */ = {isa = PBXBuildFile; fileRef = 5C0A5F5E2B1525EF000192F2 /* Assets.xcassets */; };
		5C0A5F622B1525EF000192F2 /* Preview Assets.xcassets in Resources */ = {isa = PBXBuildFile; fileRef = 5C0A5F612B1525EF000192F2 /* Preview Assets.xcassets */; };
		5C0A5F6E2B1525EF000192F2 /* WhitherThenTests.swift in Sources */ = {isa = PBXBuildFile; fileRef = 5C0A5F6D2B1525EF000192F2 /* WhitherThenTests.swift */; };
		5C0A5F782B1525EF000192F2 /* WhitherThenUITests.swift in Sources */ = {isa = PBXBuildFile; fileRef = 5C0A5F772B1525EF000192F2 /* WhitherThenUITests.swift */; };
		5C0A5F7A2B1525EF000192F2 /* WhitherThenUITestsLaunchTests.swift in Sources */ = {isa = PBXBuildFile; fileRef = 5C0A5F792B1525EF000192F2 /* WhitherThenUITestsLaunchTests.swift */; };
		5C0A5F872B152980000192F2 /* WalkDetail.swift in Sources */ = {isa = PBXBuildFile; fileRef = 5C0A5F862B152980000192F2 /* WalkDetail.swift */; };
		5C586B8C2B2BA6D600C10F5D /* KnotzView.swift in Sources */ = {isa = PBXBuildFile; fileRef = 5C586B8B2B2BA6D600C10F5D /* KnotzView.swift */; };
		5C586B8E2B2BA73400C10F5D /* LocationManager.swift in Sources */ = {isa = PBXBuildFile; fileRef = 5C586B8D2B2BA73400C10F5D /* LocationManager.swift */; };
		5C586B902B2BA78A00C10F5D /* CompassView.swift in Sources */ = {isa = PBXBuildFile; fileRef = 5C586B8F2B2BA78A00C10F5D /* CompassView.swift */; };
		5C586B922B2BAAD300C10F5D /* WeatherManager.swift in Sources */ = {isa = PBXBuildFile; fileRef = 5C586B912B2BAAD300C10F5D /* WeatherManager.swift */; };
		5C586B942B2BAC8400C10F5D /* LocalWeatherView.swift in Sources */ = {isa = PBXBuildFile; fileRef = 5C586B932B2BAC8400C10F5D /* LocalWeatherView.swift */; };
		5C6D2EE02B2B37DC00F10946 /* WalkHeader.swift in Sources */ = {isa = PBXBuildFile; fileRef = 5C6D2EDF2B2B37DC00F10946 /* WalkHeader.swift */; };
/* End PBXBuildFile section */

/* Begin PBXContainerItemProxy section */
		5C0A5F6A2B1525EF000192F2 /* PBXContainerItemProxy */ = {
			isa = PBXContainerItemProxy;
			containerPortal = 5C0A5F4D2B1525ED000192F2 /* Project object */;
			proxyType = 1;
			remoteGlobalIDString = 5C0A5F542B1525ED000192F2;
			remoteInfo = WhitherThen;
		};
		5C0A5F742B1525EF000192F2 /* PBXContainerItemProxy */ = {
			isa = PBXContainerItemProxy;
			containerPortal = 5C0A5F4D2B1525ED000192F2 /* Project object */;
			proxyType = 1;
			remoteGlobalIDString = 5C0A5F542B1525ED000192F2;
			remoteInfo = WhitherThen;
		};
/* End PBXContainerItemProxy section */

/* Begin PBXFileReference section */
		5C0A5F552B1525ED000192F2 /* WhitherThen.app */ = {isa = PBXFileReference; explicitFileType = wrapper.application; includeInIndex = 0; path = WhitherThen.app; sourceTree = BUILT_PRODUCTS_DIR; };
		5C0A5F582B1525ED000192F2 /* WhitherThenApp.swift */ = {isa = PBXFileReference; lastKnownFileType = sourcecode.swift; path = WhitherThenApp.swift; sourceTree = "<group>"; };
		5C0A5F5A2B1525ED000192F2 /* WalkListView.swift */ = {isa = PBXFileReference; lastKnownFileType = sourcecode.swift; path = WalkListView.swift; sourceTree = "<group>"; };
		5C0A5F5C2B1525ED000192F2 /* Walk.swift */ = {isa = PBXFileReference; lastKnownFileType = sourcecode.swift; path = Walk.swift; sourceTree = "<group>"; };
		5C0A5F5E2B1525EF000192F2 /* Assets.xcassets */ = {isa = PBXFileReference; lastKnownFileType = folder.assetcatalog; path = Assets.xcassets; sourceTree = "<group>"; };
		5C0A5F612B1525EF000192F2 /* Preview Assets.xcassets */ = {isa = PBXFileReference; lastKnownFileType = folder.assetcatalog; path = "Preview Assets.xcassets"; sourceTree = "<group>"; };
		5C0A5F632B1525EF000192F2 /* WhitherThen.entitlements */ = {isa = PBXFileReference; lastKnownFileType = text.plist.entitlements; path = WhitherThen.entitlements; sourceTree = "<group>"; };
		5C0A5F642B1525EF000192F2 /* Info.plist */ = {isa = PBXFileReference; lastKnownFileType = text.plist.xml; path = Info.plist; sourceTree = "<group>"; };
		5C0A5F692B1525EF000192F2 /* WhitherThenTests.xctest */ = {isa = PBXFileReference; explicitFileType = wrapper.cfbundle; includeInIndex = 0; path = WhitherThenTests.xctest; sourceTree = BUILT_PRODUCTS_DIR; };
		5C0A5F6D2B1525EF000192F2 /* WhitherThenTests.swift */ = {isa = PBXFileReference; lastKnownFileType = sourcecode.swift; path = WhitherThenTests.swift; sourceTree = "<group>"; };
		5C0A5F732B1525EF000192F2 /* WhitherThenUITests.xctest */ = {isa = PBXFileReference; explicitFileType = wrapper.cfbundle; includeInIndex = 0; path = WhitherThenUITests.xctest; sourceTree = BUILT_PRODUCTS_DIR; };
		5C0A5F772B1525EF000192F2 /* WhitherThenUITests.swift */ = {isa = PBXFileReference; lastKnownFileType = sourcecode.swift; path = WhitherThenUITests.swift; sourceTree = "<group>"; };
		5C0A5F792B1525EF000192F2 /* WhitherThenUITestsLaunchTests.swift */ = {isa = PBXFileReference; lastKnownFileType = sourcecode.swift; path = WhitherThenUITestsLaunchTests.swift; sourceTree = "<group>"; };
		5C0A5F862B152980000192F2 /* WalkDetail.swift */ = {isa = PBXFileReference; lastKnownFileType = sourcecode.swift; path = WalkDetail.swift; sourceTree = "<group>"; };
		5C586B8B2B2BA6D600C10F5D /* KnotzView.swift */ = {isa = PBXFileReference; fileEncoding = 4; lastKnownFileType = sourcecode.swift; path = KnotzView.swift; sourceTree = "<group>"; };
		5C586B8D2B2BA73400C10F5D /* LocationManager.swift */ = {isa = PBXFileReference; fileEncoding = 4; lastKnownFileType = sourcecode.swift; path = LocationManager.swift; sourceTree = "<group>"; };
		5C586B8F2B2BA78A00C10F5D /* CompassView.swift */ = {isa = PBXFileReference; fileEncoding = 4; lastKnownFileType = sourcecode.swift; path = CompassView.swift; sourceTree = "<group>"; };
		5C586B912B2BAAD300C10F5D /* WeatherManager.swift */ = {isa = PBXFileReference; lastKnownFileType = sourcecode.swift; path = WeatherManager.swift; sourceTree = "<group>"; };
		5C586B932B2BAC8400C10F5D /* LocalWeatherView.swift */ = {isa = PBXFileReference; lastKnownFileType = sourcecode.swift; path = LocalWeatherView.swift; sourceTree = "<group>"; };
		5C6D2EDF2B2B37DC00F10946 /* WalkHeader.swift */ = {isa = PBXFileReference; lastKnownFileType = sourcecode.swift; path = WalkHeader.swift; sourceTree = "<group>"; };
/* End PBXFileReference section */

/* Begin PBXFrameworksBuildPhase section */
		5C0A5F522B1525ED000192F2 /* Frameworks */ = {
			isa = PBXFrameworksBuildPhase;
			buildActionMask = 2147483647;
			files = (
			);
			runOnlyForDeploymentPostprocessing = 0;
		};
		5C0A5F662B1525EF000192F2 /* Frameworks */ = {
			isa = PBXFrameworksBuildPhase;
			buildActionMask = 2147483647;
			files = (
			);
			runOnlyForDeploymentPostprocessing = 0;
		};
		5C0A5F702B1525EF000192F2 /* Frameworks */ = {
			isa = PBXFrameworksBuildPhase;
			buildActionMask = 2147483647;
			files = (
			);
			runOnlyForDeploymentPostprocessing = 0;
		};
/* End PBXFrameworksBuildPhase section */

/* Begin PBXGroup section */
		5C0A5F4C2B1525ED000192F2 = {
			isa = PBXGroup;
			children = (
				5C0A5F572B1525ED000192F2 /* WhitherThen */,
				5C0A5F6C2B1525EF000192F2 /* WhitherThenTests */,
				5C0A5F762B1525EF000192F2 /* WhitherThenUITests */,
				5C0A5F562B1525ED000192F2 /* Products */,
			);
			sourceTree = "<group>";
		};
		5C0A5F562B1525ED000192F2 /* Products */ = {
			isa = PBXGroup;
			children = (
				5C0A5F552B1525ED000192F2 /* WhitherThen.app */,
				5C0A5F692B1525EF000192F2 /* WhitherThenTests.xctest */,
				5C0A5F732B1525EF000192F2 /* WhitherThenUITests.xctest */,
			);
			name = Products;
			sourceTree = "<group>";
		};
		5C0A5F572B1525ED000192F2 /* WhitherThen */ = {
			isa = PBXGroup;
			children = (
				5C0A5F582B1525ED000192F2 /* WhitherThenApp.swift */,
				5C0A5F5A2B1525ED000192F2 /* WalkListView.swift */,
				5C0A5F862B152980000192F2 /* WalkDetail.swift */,
				5C6D2EDF2B2B37DC00F10946 /* WalkHeader.swift */,
				5C0A5F5C2B1525ED000192F2 /* Walk.swift */,
				5C586B8B2B2BA6D600C10F5D /* KnotzView.swift */,
				5C586B8D2B2BA73400C10F5D /* LocationManager.swift */,
				5C586B8F2B2BA78A00C10F5D /* CompassView.swift */,
				5C0A5F5E2B1525EF000192F2 /* Assets.xcassets */,
				5C0A5F632B1525EF000192F2 /* WhitherThen.entitlements */,
				5C0A5F642B1525EF000192F2 /* Info.plist */,
				5C0A5F602B1525EF000192F2 /* Preview Content */,
				5C586B912B2BAAD300C10F5D /* WeatherManager.swift */,
				5C586B932B2BAC8400C10F5D /* LocalWeatherView.swift */,
			);
			path = WhitherThen;
			sourceTree = "<group>";
		};
		5C0A5F602B1525EF000192F2 /* Preview Content */ = {
			isa = PBXGroup;
			children = (
				5C0A5F612B1525EF000192F2 /* Preview Assets.xcassets */,
			);
			path = "Preview Content";
			sourceTree = "<group>";
		};
		5C0A5F6C2B1525EF000192F2 /* WhitherThenTests */ = {
			isa = PBXGroup;
			children = (
				5C0A5F6D2B1525EF000192F2 /* WhitherThenTests.swift */,
			);
			path = WhitherThenTests;
			sourceTree = "<group>";
		};
		5C0A5F762B1525EF000192F2 /* WhitherThenUITests */ = {
			isa = PBXGroup;
			children = (
				5C0A5F772B1525EF000192F2 /* WhitherThenUITests.swift */,
				5C0A5F792B1525EF000192F2 /* WhitherThenUITestsLaunchTests.swift */,
			);
			path = WhitherThenUITests;
			sourceTree = "<group>";
		};
/* End PBXGroup section */

/* Begin PBXNativeTarget section */
		5C0A5F542B1525ED000192F2 /* WhitherThen */ = {
			isa = PBXNativeTarget;
			buildConfigurationList = 5C0A5F7D2B1525EF000192F2 /* Build configuration list for PBXNativeTarget "WhitherThen" */;
			buildPhases = (
				5C0A5F512B1525ED000192F2 /* Sources */,
				5C0A5F522B1525ED000192F2 /* Frameworks */,
				5C0A5F532B1525ED000192F2 /* Resources */,
			);
			buildRules = (
			);
			dependencies = (
			);
			name = WhitherThen;
			productName = WhitherThen;
			productReference = 5C0A5F552B1525ED000192F2 /* WhitherThen.app */;
			productType = "com.apple.product-type.application";
		};
		5C0A5F682B1525EF000192F2 /* WhitherThenTests */ = {
			isa = PBXNativeTarget;
			buildConfigurationList = 5C0A5F802B1525EF000192F2 /* Build configuration list for PBXNativeTarget "WhitherThenTests" */;
			buildPhases = (
				5C0A5F652B1525EF000192F2 /* Sources */,
				5C0A5F662B1525EF000192F2 /* Frameworks */,
				5C0A5F672B1525EF000192F2 /* Resources */,
			);
			buildRules = (
			);
			dependencies = (
				5C0A5F6B2B1525EF000192F2 /* PBXTargetDependency */,
			);
			name = WhitherThenTests;
			productName = WhitherThenTests;
			productReference = 5C0A5F692B1525EF000192F2 /* WhitherThenTests.xctest */;
			productType = "com.apple.product-type.bundle.unit-test";
		};
		5C0A5F722B1525EF000192F2 /* WhitherThenUITests */ = {
			isa = PBXNativeTarget;
			buildConfigurationList = 5C0A5F832B1525EF000192F2 /* Build configuration list for PBXNativeTarget "WhitherThenUITests" */;
			buildPhases = (
				5C0A5F6F2B1525EF000192F2 /* Sources */,
				5C0A5F702B1525EF000192F2 /* Frameworks */,
				5C0A5F712B1525EF000192F2 /* Resources */,
			);
			buildRules = (
			);
			dependencies = (
				5C0A5F752B1525EF000192F2 /* PBXTargetDependency */,
			);
			name = WhitherThenUITests;
			productName = WhitherThenUITests;
			productReference = 5C0A5F732B1525EF000192F2 /* WhitherThenUITests.xctest */;
			productType = "com.apple.product-type.bundle.ui-testing";
		};
/* End PBXNativeTarget section */

/* Begin PBXProject section */
		5C0A5F4D2B1525ED000192F2 /* Project object */ = {
			isa = PBXProject;
			attributes = {
				BuildIndependentTargetsInParallel = 1;
				LastSwiftUpdateCheck = 1500;
				LastUpgradeCheck = 1500;
				TargetAttributes = {
					5C0A5F542B1525ED000192F2 = {
						CreatedOnToolsVersion = 15.0.1;
					};
					5C0A5F682B1525EF000192F2 = {
						CreatedOnToolsVersion = 15.0.1;
						TestTargetID = 5C0A5F542B1525ED000192F2;
					};
					5C0A5F722B1525EF000192F2 = {
						CreatedOnToolsVersion = 15.0.1;
						TestTargetID = 5C0A5F542B1525ED000192F2;
					};
				};
			};
			buildConfigurationList = 5C0A5F502B1525ED000192F2 /* Build configuration list for PBXProject "WhitherThen" */;
			compatibilityVersion = "Xcode 14.0";
			developmentRegion = en;
			hasScannedForEncodings = 0;
			knownRegions = (
				en,
				Base,
			);
			mainGroup = 5C0A5F4C2B1525ED000192F2;
			productRefGroup = 5C0A5F562B1525ED000192F2 /* Products */;
			projectDirPath = "";
			projectRoot = "";
			targets = (
				5C0A5F542B1525ED000192F2 /* WhitherThen */,
				5C0A5F682B1525EF000192F2 /* WhitherThenTests */,
				5C0A5F722B1525EF000192F2 /* WhitherThenUITests */,
			);
		};
/* End PBXProject section */

/* Begin PBXResourcesBuildPhase section */
		5C0A5F532B1525ED000192F2 /* Resources */ = {
			isa = PBXResourcesBuildPhase;
			buildActionMask = 2147483647;
			files = (
				5C0A5F622B1525EF000192F2 /* Preview Assets.xcassets in Resources */,
				5C0A5F5F2B1525EF000192F2 /* Assets.xcassets in Resources */,
			);
			runOnlyForDeploymentPostprocessing = 0;
		};
		5C0A5F672B1525EF000192F2 /* Resources */ = {
			isa = PBXResourcesBuildPhase;
			buildActionMask = 2147483647;
			files = (
			);
			runOnlyForDeploymentPostprocessing = 0;
		};
		5C0A5F712B1525EF000192F2 /* Resources */ = {
			isa = PBXResourcesBuildPhase;
			buildActionMask = 2147483647;
			files = (
			);
			runOnlyForDeploymentPostprocessing = 0;
		};
/* End PBXResourcesBuildPhase section */

/* Begin PBXSourcesBuildPhase section */
		5C0A5F512B1525ED000192F2 /* Sources */ = {
			isa = PBXSourcesBuildPhase;
			buildActionMask = 2147483647;
			files = (
				5C6D2EE02B2B37DC00F10946 /* WalkHeader.swift in Sources */,
				5C0A5F5B2B1525ED000192F2 /* WalkListView.swift in Sources */,
				5C0A5F872B152980000192F2 /* WalkDetail.swift in Sources */,
				5C586B8E2B2BA73400C10F5D /* LocationManager.swift in Sources */,
				5C0A5F5D2B1525ED000192F2 /* Walk.swift in Sources */,
				5C586B942B2BAC8400C10F5D /* LocalWeatherView.swift in Sources */,
				5C586B902B2BA78A00C10F5D /* CompassView.swift in Sources */,
				5C586B922B2BAAD300C10F5D /* WeatherManager.swift in Sources */,
				5C0A5F592B1525ED000192F2 /* WhitherThenApp.swift in Sources */,
				5C586B8C2B2BA6D600C10F5D /* KnotzView.swift in Sources */,
			);
			runOnlyForDeploymentPostprocessing = 0;
		};
		5C0A5F652B1525EF000192F2 /* Sources */ = {
			isa = PBXSourcesBuildPhase;
			buildActionMask = 2147483647;
			files = (
				5C0A5F6E2B1525EF000192F2 /* WhitherThenTests.swift in Sources */,
			);
			runOnlyForDeploymentPostprocessing = 0;
		};
		5C0A5F6F2B1525EF000192F2 /* Sources */ = {
			isa = PBXSourcesBuildPhase;
			buildActionMask = 2147483647;
			files = (
				5C0A5F782B1525EF000192F2 /* WhitherThenUITests.swift in Sources */,
				5C0A5F7A2B1525EF000192F2 /* WhitherThenUITestsLaunchTests.swift in Sources */,
			);
			runOnlyForDeploymentPostprocessing = 0;
		};
/* End PBXSourcesBuildPhase section */

/* Begin PBXTargetDependency section */
		5C0A5F6B2B1525EF000192F2 /* PBXTargetDependency */ = {
			isa = PBXTargetDependency;
			target = 5C0A5F542B1525ED000192F2 /* WhitherThen */;
			targetProxy = 5C0A5F6A2B1525EF000192F2 /* PBXContainerItemProxy */;
		};
		5C0A5F752B1525EF000192F2 /* PBXTargetDependency */ = {
			isa = PBXTargetDependency;
			target = 5C0A5F542B1525ED000192F2 /* WhitherThen */;
			targetProxy = 5C0A5F742B1525EF000192F2 /* PBXContainerItemProxy */;
		};
/* End PBXTargetDependency section */

/* Begin XCBuildConfiguration section */
		5C0A5F7B2B1525EF000192F2 /* Debug */ = {
			isa = XCBuildConfiguration;
			buildSettings = {
				ALWAYS_SEARCH_USER_PATHS = NO;
				ASSETCATALOG_COMPILER_GENERATE_SWIFT_ASSET_SYMBOL_EXTENSIONS = YES;
				CLANG_ANALYZER_NONNULL = YES;
				CLANG_ANALYZER_NUMBER_OBJECT_CONVERSION = YES_AGGRESSIVE;
				CLANG_CXX_LANGUAGE_STANDARD = "gnu++20";
				CLANG_ENABLE_MODULES = YES;
				CLANG_ENABLE_OBJC_ARC = YES;
				CLANG_ENABLE_OBJC_WEAK = YES;
				CLANG_WARN_BLOCK_CAPTURE_AUTORELEASING = YES;
				CLANG_WARN_BOOL_CONVERSION = YES;
				CLANG_WARN_COMMA = YES;
				CLANG_WARN_CONSTANT_CONVERSION = YES;
				CLANG_WARN_DEPRECATED_OBJC_IMPLEMENTATIONS = YES;
				CLANG_WARN_DIRECT_OBJC_ISA_USAGE = YES_ERROR;
				CLANG_WARN_DOCUMENTATION_COMMENTS = YES;
				CLANG_WARN_EMPTY_BODY = YES;
				CLANG_WARN_ENUM_CONVERSION = YES;
				CLANG_WARN_INFINITE_RECURSION = YES;
				CLANG_WARN_INT_CONVERSION = YES;
				CLANG_WARN_NON_LITERAL_NULL_CONVERSION = YES;
				CLANG_WARN_OBJC_IMPLICIT_RETAIN_SELF = YES;
				CLANG_WARN_OBJC_LITERAL_CONVERSION = YES;
				CLANG_WARN_OBJC_ROOT_CLASS = YES_ERROR;
				CLANG_WARN_QUOTED_INCLUDE_IN_FRAMEWORK_HEADER = YES;
				CLANG_WARN_RANGE_LOOP_ANALYSIS = YES;
				CLANG_WARN_STRICT_PROTOTYPES = YES;
				CLANG_WARN_SUSPICIOUS_MOVE = YES;
				CLANG_WARN_UNGUARDED_AVAILABILITY = YES_AGGRESSIVE;
				CLANG_WARN_UNREACHABLE_CODE = YES;
				CLANG_WARN__DUPLICATE_METHOD_MATCH = YES;
				COPY_PHASE_STRIP = NO;
				DEBUG_INFORMATION_FORMAT = dwarf;
				ENABLE_STRICT_OBJC_MSGSEND = YES;
				ENABLE_TESTABILITY = YES;
				ENABLE_USER_SCRIPT_SANDBOXING = YES;
				GCC_C_LANGUAGE_STANDARD = gnu17;
				GCC_DYNAMIC_NO_PIC = NO;
				GCC_NO_COMMON_BLOCKS = YES;
				GCC_OPTIMIZATION_LEVEL = 0;
				GCC_PREPROCESSOR_DEFINITIONS = (
					"DEBUG=1",
					"$(inherited)",
				);
				GCC_WARN_64_TO_32_BIT_CONVERSION = YES;
				GCC_WARN_ABOUT_RETURN_TYPE = YES_ERROR;
				GCC_WARN_UNDECLARED_SELECTOR = YES;
				GCC_WARN_UNINITIALIZED_AUTOS = YES_AGGRESSIVE;
				GCC_WARN_UNUSED_FUNCTION = YES;
				GCC_WARN_UNUSED_VARIABLE = YES;
				IPHONEOS_DEPLOYMENT_TARGET = 17.0;
				LOCALIZATION_PREFERS_STRING_CATALOGS = YES;
				MTL_ENABLE_DEBUG_INFO = INCLUDE_SOURCE;
				MTL_FAST_MATH = YES;
				ONLY_ACTIVE_ARCH = YES;
				SDKROOT = iphoneos;
				SWIFT_ACTIVE_COMPILATION_CONDITIONS = "DEBUG $(inherited)";
				SWIFT_OPTIMIZATION_LEVEL = "-Onone";
			};
			name = Debug;
		};
		5C0A5F7C2B1525EF000192F2 /* Release */ = {
			isa = XCBuildConfiguration;
			buildSettings = {
				ALWAYS_SEARCH_USER_PATHS = NO;
				ASSETCATALOG_COMPILER_GENERATE_SWIFT_ASSET_SYMBOL_EXTENSIONS = YES;
				CLANG_ANALYZER_NONNULL = YES;
				CLANG_ANALYZER_NUMBER_OBJECT_CONVERSION = YES_AGGRESSIVE;
				CLANG_CXX_LANGUAGE_STANDARD = "gnu++20";
				CLANG_ENABLE_MODULES = YES;
				CLANG_ENABLE_OBJC_ARC = YES;
				CLANG_ENABLE_OBJC_WEAK = YES;
				CLANG_WARN_BLOCK_CAPTURE_AUTORELEASING = YES;
				CLANG_WARN_BOOL_CONVERSION = YES;
				CLANG_WARN_COMMA = YES;
				CLANG_WARN_CONSTANT_CONVERSION = YES;
				CLANG_WARN_DEPRECATED_OBJC_IMPLEMENTATIONS = YES;
				CLANG_WARN_DIRECT_OBJC_ISA_USAGE = YES_ERROR;
				CLANG_WARN_DOCUMENTATION_COMMENTS = YES;
				CLANG_WARN_EMPTY_BODY = YES;
				CLANG_WARN_ENUM_CONVERSION = YES;
				CLANG_WARN_INFINITE_RECURSION = YES;
				CLANG_WARN_INT_CONVERSION = YES;
				CLANG_WARN_NON_LITERAL_NULL_CONVERSION = YES;
				CLANG_WARN_OBJC_IMPLICIT_RETAIN_SELF = YES;
				CLANG_WARN_OBJC_LITERAL_CONVERSION = YES;
				CLANG_WARN_OBJC_ROOT_CLASS = YES_ERROR;
				CLANG_WARN_QUOTED_INCLUDE_IN_FRAMEWORK_HEADER = YES;
				CLANG_WARN_RANGE_LOOP_ANALYSIS = YES;
				CLANG_WARN_STRICT_PROTOTYPES = YES;
				CLANG_WARN_SUSPICIOUS_MOVE = YES;
				CLANG_WARN_UNGUARDED_AVAILABILITY = YES_AGGRESSIVE;
				CLANG_WARN_UNREACHABLE_CODE = YES;
				CLANG_WARN__DUPLICATE_METHOD_MATCH = YES;
				COPY_PHASE_STRIP = NO;
				DEBUG_INFORMATION_FORMAT = "dwarf-with-dsym";
				ENABLE_NS_ASSERTIONS = NO;
				ENABLE_STRICT_OBJC_MSGSEND = YES;
				ENABLE_USER_SCRIPT_SANDBOXING = YES;
				GCC_C_LANGUAGE_STANDARD = gnu17;
				GCC_NO_COMMON_BLOCKS = YES;
				GCC_WARN_64_TO_32_BIT_CONVERSION = YES;
				GCC_WARN_ABOUT_RETURN_TYPE = YES_ERROR;
				GCC_WARN_UNDECLARED_SELECTOR = YES;
				GCC_WARN_UNINITIALIZED_AUTOS = YES_AGGRESSIVE;
				GCC_WARN_UNUSED_FUNCTION = YES;
				GCC_WARN_UNUSED_VARIABLE = YES;
				IPHONEOS_DEPLOYMENT_TARGET = 17.0;
				LOCALIZATION_PREFERS_STRING_CATALOGS = YES;
				MTL_ENABLE_DEBUG_INFO = NO;
				MTL_FAST_MATH = YES;
				SDKROOT = iphoneos;
				SWIFT_COMPILATION_MODE = wholemodule;
				VALIDATE_PRODUCT = YES;
			};
			name = Release;
		};
		5C0A5F7E2B1525EF000192F2 /* Debug */ = {
			isa = XCBuildConfiguration;
			buildSettings = {
				ASSETCATALOG_COMPILER_APPICON_NAME = AppIcon;
				ASSETCATALOG_COMPILER_GLOBAL_ACCENT_COLOR_NAME = AccentColor;
				CODE_SIGN_ENTITLEMENTS = WhitherThen/WhitherThen.entitlements;
				CODE_SIGN_STYLE = Automatic;
				CURRENT_PROJECT_VERSION = 1;
				DEVELOPMENT_ASSET_PATHS = "\"WhitherThen/Preview Content\"";
				DEVELOPMENT_TEAM = S7ZKK95T9U;
				ENABLE_PREVIEWS = YES;
				GENERATE_INFOPLIST_FILE = YES;
				INFOPLIST_FILE = WhitherThen/Info.plist;
				INFOPLIST_KEY_NSLocationWhenInUseUsageDescription = "We need to know where you are for the app to work.";
				INFOPLIST_KEY_NSMotionUsageDescription = "We are using motion usage in order to track your step count.";
				INFOPLIST_KEY_UIApplicationSceneManifest_Generation = YES;
				INFOPLIST_KEY_UIApplicationSupportsIndirectInputEvents = YES;
				INFOPLIST_KEY_UILaunchScreen_Generation = YES;
				INFOPLIST_KEY_UISupportedInterfaceOrientations_iPad = "UIInterfaceOrientationPortrait UIInterfaceOrientationPortraitUpsideDown UIInterfaceOrientationLandscapeLeft UIInterfaceOrientationLandscapeRight";
				INFOPLIST_KEY_UISupportedInterfaceOrientations_iPhone = "UIInterfaceOrientationPortrait UIInterfaceOrientationLandscapeLeft UIInterfaceOrientationLandscapeRight";
				LD_RUNPATH_SEARCH_PATHS = (
					"$(inherited)",
					"@executable_path/Frameworks",
				);
				MARKETING_VERSION = 1.0;
				PRODUCT_BUNDLE_IDENTIFIER = co.tioga.WhitherThen;
				PRODUCT_NAME = "$(TARGET_NAME)";
				SWIFT_EMIT_LOC_STRINGS = YES;
				SWIFT_VERSION = 5.0;
				TARGETED_DEVICE_FAMILY = "1,2";
			};
			name = Debug;
		};
		5C0A5F7F2B1525EF000192F2 /* Release */ = {
			isa = XCBuildConfiguration;
			buildSettings = {
				ASSETCATALOG_COMPILER_APPICON_NAME = AppIcon;
				ASSETCATALOG_COMPILER_GLOBAL_ACCENT_COLOR_NAME = AccentColor;
				CODE_SIGN_ENTITLEMENTS = WhitherThen/WhitherThen.entitlements;
				CODE_SIGN_STYLE = Automatic;
				CURRENT_PROJECT_VERSION = 1;
				DEVELOPMENT_ASSET_PATHS = "\"WhitherThen/Preview Content\"";
				DEVELOPMENT_TEAM = S7ZKK95T9U;
				ENABLE_PREVIEWS = YES;
				GENERATE_INFOPLIST_FILE = YES;
				INFOPLIST_FILE = WhitherThen/Info.plist;
				INFOPLIST_KEY_NSLocationWhenInUseUsageDescription = "We need to know where you are for the app to work.";
				INFOPLIST_KEY_NSMotionUsageDescription = "We are using motion usage in order to track your step count.";
				INFOPLIST_KEY_UIApplicationSceneManifest_Generation = YES;
				INFOPLIST_KEY_UIApplicationSupportsIndirectInputEvents = YES;
				INFOPLIST_KEY_UILaunchScreen_Generation = YES;
				INFOPLIST_KEY_UISupportedInterfaceOrientations_iPad = "UIInterfaceOrientationPortrait UIInterfaceOrientationPortraitUpsideDown UIInterfaceOrientationLandscapeLeft UIInterfaceOrientationLandscapeRight";
				INFOPLIST_KEY_UISupportedInterfaceOrientations_iPhone = "UIInterfaceOrientationPortrait UIInterfaceOrientationLandscapeLeft UIInterfaceOrientationLandscapeRight";
				LD_RUNPATH_SEARCH_PATHS = (
					"$(inherited)",
					"@executable_path/Frameworks",
				);
				MARKETING_VERSION = 1.0;
				PRODUCT_BUNDLE_IDENTIFIER = co.tioga.WhitherThen;
				PRODUCT_NAME = "$(TARGET_NAME)";
				SWIFT_EMIT_LOC_STRINGS = YES;
				SWIFT_VERSION = 5.0;
				TARGETED_DEVICE_FAMILY = "1,2";
			};
			name = Release;
		};
		5C0A5F812B1525EF000192F2 /* Debug */ = {
			isa = XCBuildConfiguration;
			buildSettings = {
				ALWAYS_EMBED_SWIFT_STANDARD_LIBRARIES = YES;
				BUNDLE_LOADER = "$(TEST_HOST)";
				CODE_SIGN_STYLE = Automatic;
				CURRENT_PROJECT_VERSION = 1;
				DEVELOPMENT_TEAM = S7ZKK95T9U;
				GENERATE_INFOPLIST_FILE = YES;
				IPHONEOS_DEPLOYMENT_TARGET = 17.0;
				MARKETING_VERSION = 1.0;
				PRODUCT_BUNDLE_IDENTIFIER = co.tioga.WhitherThenTests;
				PRODUCT_NAME = "$(TARGET_NAME)";
				SWIFT_EMIT_LOC_STRINGS = NO;
				SWIFT_VERSION = 5.0;
				TARGETED_DEVICE_FAMILY = "1,2";
				TEST_HOST = "$(BUILT_PRODUCTS_DIR)/WhitherThen.app/$(BUNDLE_EXECUTABLE_FOLDER_PATH)/WhitherThen";
			};
			name = Debug;
		};
		5C0A5F822B1525EF000192F2 /* Release */ = {
			isa = XCBuildConfiguration;
			buildSettings = {
				ALWAYS_EMBED_SWIFT_STANDARD_LIBRARIES = YES;
				BUNDLE_LOADER = "$(TEST_HOST)";
				CODE_SIGN_STYLE = Automatic;
				CURRENT_PROJECT_VERSION = 1;
				DEVELOPMENT_TEAM = S7ZKK95T9U;
				GENERATE_INFOPLIST_FILE = YES;
				IPHONEOS_DEPLOYMENT_TARGET = 17.0;
				MARKETING_VERSION = 1.0;
				PRODUCT_BUNDLE_IDENTIFIER = co.tioga.WhitherThenTests;
				PRODUCT_NAME = "$(TARGET_NAME)";
				SWIFT_EMIT_LOC_STRINGS = NO;
				SWIFT_VERSION = 5.0;
				TARGETED_DEVICE_FAMILY = "1,2";
				TEST_HOST = "$(BUILT_PRODUCTS_DIR)/WhitherThen.app/$(BUNDLE_EXECUTABLE_FOLDER_PATH)/WhitherThen";
			};
			name = Release;
		};
		5C0A5F842B1525EF000192F2 /* Debug */ = {
			isa = XCBuildConfiguration;
			buildSettings = {
				ALWAYS_EMBED_SWIFT_STANDARD_LIBRARIES = YES;
				CODE_SIGN_STYLE = Automatic;
				CURRENT_PROJECT_VERSION = 1;
				DEVELOPMENT_TEAM = S7ZKK95T9U;
				GENERATE_INFOPLIST_FILE = YES;
				MARKETING_VERSION = 1.0;
				PRODUCT_BUNDLE_IDENTIFIER = co.tioga.WhitherThenUITests;
				PRODUCT_NAME = "$(TARGET_NAME)";
				SWIFT_EMIT_LOC_STRINGS = NO;
				SWIFT_VERSION = 5.0;
				TARGETED_DEVICE_FAMILY = "1,2";
				TEST_TARGET_NAME = WhitherThen;
			};
			name = Debug;
		};
		5C0A5F852B1525EF000192F2 /* Release */ = {
			isa = XCBuildConfiguration;
			buildSettings = {
				ALWAYS_EMBED_SWIFT_STANDARD_LIBRARIES = YES;
				CODE_SIGN_STYLE = Automatic;
				CURRENT_PROJECT_VERSION = 1;
				DEVELOPMENT_TEAM = S7ZKK95T9U;
				GENERATE_INFOPLIST_FILE = YES;
				MARKETING_VERSION = 1.0;
				PRODUCT_BUNDLE_IDENTIFIER = co.tioga.WhitherThenUITests;
				PRODUCT_NAME = "$(TARGET_NAME)";
				SWIFT_EMIT_LOC_STRINGS = NO;
				SWIFT_VERSION = 5.0;
				TARGETED_DEVICE_FAMILY = "1,2";
				TEST_TARGET_NAME = WhitherThen;
			};
			name = Release;
		};
/* End XCBuildConfiguration section */

/* Begin XCConfigurationList section */
		5C0A5F502B1525ED000192F2 /* Build configuration list for PBXProject "WhitherThen" */ = {
			isa = XCConfigurationList;
			buildConfigurations = (
				5C0A5F7B2B1525EF000192F2 /* Debug */,
				5C0A5F7C2B1525EF000192F2 /* Release */,
			);
			defaultConfigurationIsVisible = 0;
			defaultConfigurationName = Release;
		};
		5C0A5F7D2B1525EF000192F2 /* Build configuration list for PBXNativeTarget "WhitherThen" */ = {
			isa = XCConfigurationList;
			buildConfigurations = (
				5C0A5F7E2B1525EF000192F2 /* Debug */,
				5C0A5F7F2B1525EF000192F2 /* Release */,
			);
			defaultConfigurationIsVisible = 0;
			defaultConfigurationName = Release;
		};
		5C0A5F802B1525EF000192F2 /* Build configuration list for PBXNativeTarget "WhitherThenTests" */ = {
			isa = XCConfigurationList;
			buildConfigurations = (
				5C0A5F812B1525EF000192F2 /* Debug */,
				5C0A5F822B1525EF000192F2 /* Release */,
			);
			defaultConfigurationIsVisible = 0;
			defaultConfigurationName = Release;
		};
		5C0A5F832B1525EF000192F2 /* Build configuration list for PBXNativeTarget "WhitherThenUITests" */ = {
			isa = XCConfigurationList;
			buildConfigurations = (
				5C0A5F842B1525EF000192F2 /* Debug */,
				5C0A5F852B1525EF000192F2 /* Release */,
			);
			defaultConfigurationIsVisible = 0;
			defaultConfigurationName = Release;
		};
/* End XCConfigurationList section */
	};
	rootObject = 5C0A5F4D2B1525ED000192F2 /* Project object */;
}
